
Microsoft Visual Studio Solution File, Format Version 12.00
# Visual Studio Version 17
VisualStudioVersion = 17.0.31912.275
MinimumVisualStudioVersion = 10.0.40219.1
Project("{FAE04EC0-301F-11D3-BF4B-00C04F79EFBC}") = "OrderStore.API", "OrderStore.API\OrderStore.API.csproj", "{83F0D834-BC4B-47F2-92E1-A6D1D23CDE6D}"
EndProject
Project("{FAE04EC0-301F-11D3-BF4B-00C04F79EFBC}") = "OrderStore.Domain", "OrderStore.Domain\OrderStore.Domain.csproj", "{91C4B2C0-CA67-47BD-8C98-51EEE1DF1D09}"
EndProject
Project("{FAE04EC0-301F-11D3-BF4B-00C04F79EFBC}") = "OrderStore.Infrastructure", "OrderStore.Infrastructure\OrderStore.Infrastructure.csproj", "{98329A9E-1AA7-4C50-9704-EF4A9FF04CBB}"
EndProject
Global
	GlobalSection(SolutionConfigurationPlatforms) = preSolution
		Debug|Any CPU = Debug|Any CPU
		Release|Any CPU = Release|Any CPU
	EndGlobalSection
	GlobalSection(ProjectConfigurationPlatforms) = postSolution
		{83F0D834-BC4B-47F2-92E1-A6D1D23CDE6D}.Debug|Any CPU.ActiveCfg = Debug|Any CPU
		{83F0D834-BC4B-47F2-92E1-A6D1D23CDE6D}.Debug|Any CPU.Build.0 = Debug|Any CPU
		{83F0D834-BC4B-47F2-92E1-A6D1D23CDE6D}.Release|Any CPU.ActiveCfg = Release|Any CPU
		{83F0D834-BC4B-47F2-92E1-A6D1D23CDE6D}.Release|Any CPU.Build.0 = Release|Any CPU
		{91C4B2C0-CA67-47BD-8C98-51EEE1DF1D09}.Debug|Any CPU.ActiveCfg = Debug|Any CPU
		{91C4B2C0-CA67-47BD-8C98-51EEE1DF1D09}.Debug|Any CPU.Build.0 = Debug|Any CPU
		{91C4B2C0-CA67-47BD-8C98-51EEE1DF1D09}.Release|Any CPU.ActiveCfg = Release|Any CPU
		{91C4B2C0-CA67-47BD-8C98-51EEE1DF1D09}.Release|Any CPU.Build.0 = Release|Any CPU
		{98329A9E-1AA7-4C50-9704-EF4A9FF04CBB}.Debug|Any CPU.ActiveCfg = Debug|Any CPU
		{98329A9E-1AA7-4C50-9704-EF4A9FF04CBB}.Debug|Any CPU.Build.0 = Debug|Any CPU
		{98329A9E-1AA7-4C50-9704-EF4A9FF04CBB}.Release|Any CPU.ActiveCfg = Release|Any CPU
		{98329A9E-1AA7-4C50-9704-EF4A9FF04CBB}.Release|Any CPU.Build.0 = Release|Any CPU
	EndGlobalSection
	GlobalSection(SolutionProperties) = preSolution
		HideSolutionNode = FALSE
	EndGlobalSection
	GlobalSection(ExtensibilityGlobals) = postSolution
		SolutionGuid = {49AD65F0-3A9B-400C-9DD8-AAE19FBA2781}
	EndGlobalSection
EndGlobal
